
Microsoft Visual Studio Solution File, Format Version 12.00
# Visual Studio Version 17
VisualStudioVersion = 17.11.35312.102
MinimumVisualStudioVersion = 10.0.40219.1
Project("{FAE04EC0-301F-11D3-BF4B-00C04F79EFBC}") = "weekly40final", "weekly40final\weekly40final.csproj", "{BA4C4869-B997-4641-8BB7-60B8C10B42F2}"
EndProject
Global
	GlobalSection(SolutionConfigurationPlatforms) = preSolution
		Debug|Any CPU = Debug|Any CPU
		Release|Any CPU = Release|Any CPU
	EndGlobalSection
	GlobalSection(ProjectConfigurationPlatforms) = postSolution
		{BA4C4869-B997-4641-8BB7-60B8C10B42F2}.Debug|Any CPU.ActiveCfg = Debug|Any CPU
		{BA4C4869-B997-4641-8BB7-60B8C10B42F2}.Debug|Any CPU.Build.0 = Debug|Any CPU
		{BA4C4869-B997-4641-8BB7-60B8C10B42F2}.Release|Any CPU.ActiveCfg = Release|Any CPU
		{BA4C4869-B997-4641-8BB7-60B8C10B42F2}.Release|Any CPU.Build.0 = Release|Any CPU
	EndGlobalSection
	GlobalSection(SolutionProperties) = preSolution
		HideSolutionNode = FALSE
	EndGlobalSection
	GlobalSection(ExtensibilityGlobals) = postSolution
		SolutionGuid = {AC3911B6-F188-4704-AE95-2CFAF87647E2}
	EndGlobalSection
EndGlobal
